{
  "name": "Nudge",
  "lockfileVersion": 3,
  "requires": true,
  "packages": {
    "": {
      "dependencies": {
        "@minecraft/debug-utilities": "^1.0.0-beta.1.26.30-stable",
        "@minecraft/server": "^2.9.0-beta.1.26.30-stable",
        "@minecraft/server-ui": "^2.1.0"
      }
    },
    "node_modules/@minecraft/common": {
      "version": "1.3.0",
      "resolved": "https://registry.npmjs.org/@minecraft/common/-/common-1.3.0.tgz",
      "integrity": "sha512-GLT8USFhvEyeTTFHZAgszbrnoT007hmXmK+aO4l+2A1up9/zwZ+4e8R8F0KcKrCWDjLEqkOJtPow0hQCcNJ++Q==",
      "license": "MIT",
      "peer": true
    },
    "node_modules/@minecraft/debug-utilities": {
      "version": "1.0.0-beta.1.26.30-stable",
      "resolved": "https://registry.npmjs.org/@minecraft/debug-utilities/-/debug-utilities-1.0.0-beta.1.26.30-stable.tgz",
      "integrity": "sha512-Iqo+3Ci5KH3g5Kb/Yy51dqiu2WpntmdNjGK6MRrdNN+cjYXA1kcFTrt998K3os15Nx1J4rbkKkFgonXRKL98rQ==",
      "license": "MIT",
      "peerDependencies": {
        "@minecraft/common": "^1.0.0",
        "@minecraft/server": "^1.17.0 || ^2.0.0 || ^2.9.0-beta.1.26.30-stable"
      }
    },
    "node_modules/@minecraft/server": {
      "version": "2.9.0-beta.1.26.30-stable",
      "resolved": "https://registry.npmjs.org/@minecraft/server/-/server-2.9.0-beta.1.26.30-stable.tgz",
      "integrity": "sha512-KhYSda6eAyFCVC5mcnVE6F0lyXmZJQGpF1D07t7b0rNztFVp7Eh0/nvPRfBNUs90G4O1reAS7jZBHl9Kp9+cZA==",
      "license": "MIT",
      "peerDependencies": {
        "@minecraft/common": "^1.2.0",
        "@minecraft/vanilla-data": ">=1.20.70"
      }
    },
    "node_modules/@minecraft/server-ui": {
      "version": "2.1.0",
      "resolved": "https://registry.npmjs.org/@minecraft/server-ui/-/server-ui-2.1.0.tgz",
      "integrity": "sha512-7zXyqK6HI62aH0RlfObLitBc7EldpoAH3AeC8JWOaI6CCNoCi2DG2U78ELdq+NrUIjvCE87Bix/I+hgXsQ5AdA==",
      "license": "MIT",
      "peerDependencies": {
        "@minecraft/common": "^1.0.0",
        "@minecraft/server": "^2.0.0"
      }
    },
    "node_modules/@minecraft/vanilla-data": {
      "version": "1.26.31",
      "resolved": "https://registry.npmjs.org/@minecraft/vanilla-data/-/vanilla-data-1.26.31.tgz",
      "integrity": "sha512-EkaBw/FBfEw/iezLNHtdb+SvM+vKixLf3ihHCdxfDKG3o5kdPlXlpHlutlA8cOkkQ+N/xphzJDw47F7h7Yy6Yw==",
      "license": "MIT",
      "peer": true
    }
  }
}
